Microsoft Visual Studio Solution File, Format Version 12.00
# Visual Studio Version 17
VisualStudioVersion = 17.5.2.0
MinimumVisualStudioVersion = 10.0.40219.1
Project("{FAE04EC0-301F-11D3-BF4B-00C04F79EFBC}") = "eGov", "eGov.csproj", "{A6C1E85B-DD95-9509-11AC-58788C50DE11}"
EndProject
Global
	GlobalSection(SolutionConfigurationPlatforms) = preSolution
		Debug|Any CPU = Debug|Any CPU
		Release|Any CPU = Release|Any CPU
	EndGlobalSection
	GlobalSection(ProjectConfigurationPlatforms) = postSolution
		{A6C1E85B-DD95-9509-11AC-58788C50DE11}.Debug|Any CPU.ActiveCfg = Debug|Any CPU
		{A6C1E85B-DD95-9509-11AC-58788C50DE11}.Debug|Any CPU.Build.0 = Debug|Any CPU
		{A6C1E85B-DD95-9509-11AC-58788C50DE11}.Release|Any CPU.ActiveCfg = Release|Any CPU
		{A6C1E85B-DD95-9509-11AC-58788C50DE11}.Release|Any CPU.Build.0 = Release|Any CPU
	EndGlobalSection
	GlobalSection(SolutionProperties) = preSolution
		HideSolutionNode = FALSE
	EndGlobalSection
	GlobalSection(ExtensibilityGlobals) = postSolution
		SolutionGuid = {44BB76FE-2D82-4A62-BB3F-FCBDE192B8EE}
	EndGlobalSection
EndGlobal
